
Microsoft Visual Studio Solution File, Format Version 12.00
# Visual Studio Version 16
VisualStudioVersion = 16.0.810.25
MinimumVisualStudioVersion = 10.0.40219.1
Project("{2150E333-8FDC-42A3-9474-1A3956D46DE8}") = "Core", "Core", "{C761C9F2-6AD5-474A-A128-A2A6ADD7EEBA}"
EndProject
Project("{2150E333-8FDC-42A3-9474-1A3956D46DE8}") = "Infra", "Infra", "{5452A6A7-F2B6-41AB-BED9-59019DFD23ED}"
EndProject
Project("{2150E333-8FDC-42A3-9474-1A3956D46DE8}") = "Web", "Web", "{76E3572C-3BBD-455E-8C1F-D37B11A4D97D}"
EndProject
Project("{FAE04EC0-301F-11D3-BF4B-00C04F79EFBC}") = "Financial.Services.OpenBank.Core", "Financial.Services.OpenBank.Core\Financial.Services.OpenBank.Core.csproj", "{C7D82106-F13E-41DB-BA43-5A91B514C515}"
EndProject
Project("{FAE04EC0-301F-11D3-BF4B-00C04F79EFBC}") = "Financial.Services.OpenBank.Infra", "Financial.Services.OpenBank.Infra\Financial.Services.OpenBank.Infra.csproj", "{B7F16DCC-F882-4199-8B89-5A7D1327F425}"
EndProject
Project("{2150E333-8FDC-42A3-9474-1A3956D46DE8}") = "Application", "Application", "{C3F45C5F-B73F-4098-BB15-32AA7015AEB3}"
EndProject
Project("{FAE04EC0-301F-11D3-BF4B-00C04F79EFBC}") = "Financial.Services.Application", "Financial.Services.Application\Financial.Services.Application.csproj", "{BB8757B1-30E4-4D8A-A950-80B3E4D7A8AA}"
EndProject
Project("{FAE04EC0-301F-11D3-BF4B-00C04F79EFBC}") = "Financial.Services.API", "Financial.Services.API\Financial.Services.API.csproj", "{638AAD68-8FAE-417B-A6AA-318D7C6DAF31}"
EndProject
Global
	GlobalSection(SolutionConfigurationPlatforms) = preSolution
		Debug|Any CPU = Debug|Any CPU
		Release|Any CPU = Release|Any CPU
	EndGlobalSection
	GlobalSection(ProjectConfigurationPlatforms) = postSolution
		{C7D82106-F13E-41DB-BA43-5A91B514C515}.Debug|Any CPU.ActiveCfg = Debug|Any CPU
		{C7D82106-F13E-41DB-BA43-5A91B514C515}.Debug|Any CPU.Build.0 = Debug|Any CPU
		{C7D82106-F13E-41DB-BA43-5A91B514C515}.Release|Any CPU.ActiveCfg = Release|Any CPU
		{C7D82106-F13E-41DB-BA43-5A91B514C515}.Release|Any CPU.Build.0 = Release|Any CPU
		{B7F16DCC-F882-4199-8B89-5A7D1327F425}.Debug|Any CPU.ActiveCfg = Debug|Any CPU
		{B7F16DCC-F882-4199-8B89-5A7D1327F425}.Debug|Any CPU.Build.0 = Debug|Any CPU
		{B7F16DCC-F882-4199-8B89-5A7D1327F425}.Release|Any CPU.ActiveCfg = Release|Any CPU
		{B7F16DCC-F882-4199-8B89-5A7D1327F425}.Release|Any CPU.Build.0 = Release|Any CPU
		{BB8757B1-30E4-4D8A-A950-80B3E4D7A8AA}.Debug|Any CPU.ActiveCfg = Debug|Any CPU
		{BB8757B1-30E4-4D8A-A950-80B3E4D7A8AA}.Debug|Any CPU.Build.0 = Debug|Any CPU
		{BB8757B1-30E4-4D8A-A950-80B3E4D7A8AA}.Release|Any CPU.ActiveCfg = Release|Any CPU
		{BB8757B1-30E4-4D8A-A950-80B3E4D7A8AA}.Release|Any CPU.Build.0 = Release|Any CPU
		{638AAD68-8FAE-417B-A6AA-318D7C6DAF31}.Debug|Any CPU.ActiveCfg = Debug|Any CPU
		{638AAD68-8FAE-417B-A6AA-318D7C6DAF31}.Debug|Any CPU.Build.0 = Debug|Any CPU
		{638AAD68-8FAE-417B-A6AA-318D7C6DAF31}.Release|Any CPU.ActiveCfg = Release|Any CPU
		{638AAD68-8FAE-417B-A6AA-318D7C6DAF31}.Release|Any CPU.Build.0 = Release|Any CPU
	EndGlobalSection
	GlobalSection(SolutionProperties) = preSolution
		HideSolutionNode = FALSE
	EndGlobalSection
	GlobalSection(ExtensibilityGlobals) = postSolution
		SolutionGuid = {FC3A4188-1A94-48B1-9F67-3513CA4D6765}
	EndGlobalSection
	GlobalSection(NestedProjects) = preSolution
		{C7D82106-F13E-41DB-BA43-5A91B514C515} = {C761C9F2-6AD5-474A-A128-A2A6ADD7EEBA}
		{B7F16DCC-F882-4199-8B89-5A7D1327F425} = {5452A6A7-F2B6-41AB-BED9-59019DFD23ED}
		{BB8757B1-30E4-4D8A-A950-80B3E4D7A8AA} = {C3F45C5F-B73F-4098-BB15-32AA7015AEB3}
		{638AAD68-8FAE-417B-A6AA-318D7C6DAF31} = {76E3572C-3BBD-455E-8C1F-D37B11A4D97D}
	EndGlobalSection
EndGlobal
